
Microsoft Visual Studio Solution File, Format Version 12.00
# Visual Studio Version 17
VisualStudioVersion = 17.2.32519.379
MinimumVisualStudioVersion = 10.0.40219.1
Project("{FAE04EC0-301F-11D3-BF4B-00C04F79EFBC}") = "Serilog.Sinks.Wechat", "Serilog.Sinks.Wechat\Serilog.Sinks.Wechat.csproj", "{37634E1C-A55B-4B3D-B826-DDFBCEE52EC9}"
EndProject
Global
	GlobalSection(SolutionConfigurationPlatforms) = preSolution
		Debug|Any CPU = Debug|Any CPU
		Release|Any CPU = Release|Any CPU
	EndGlobalSection
	GlobalSection(ProjectConfigurationPlatforms) = postSolution
		{37634E1C-A55B-4B3D-B826-DDFBCEE52EC9}.Debug|Any CPU.ActiveCfg = Debug|Any CPU
		{37634E1C-A55B-4B3D-B826-DDFBCEE52EC9}.Debug|Any CPU.Build.0 = Debug|Any CPU
		{37634E1C-A55B-4B3D-B826-DDFBCEE52EC9}.Release|Any CPU.ActiveCfg = Release|Any CPU
		{37634E1C-A55B-4B3D-B826-DDFBCEE52EC9}.Release|Any CPU.Build.0 = Release|Any CPU
	EndGlobalSection
	GlobalSection(SolutionProperties) = preSolution
		HideSolutionNode = FALSE
	EndGlobalSection
	GlobalSection(ExtensibilityGlobals) = postSolution
		SolutionGuid = {0DE59FBB-C72E-4ACF-82CC-10AD5A1D345A}
	EndGlobalSection
EndGlobal
